 
# THIS IS AN AUTOGENERATED FILE. DO NOT EDIT THIS FILE DIRECTLY.
# yarn lockfile v1


"@babel/cli@^7.0.0":
  version "7.0.0"
  resolved "https://registry.npmjs.org/@babel/cli/-/cli-7.0.0.tgz#108b395fd43fff6681d36fb41274df4d8ffeb12e"
  dependencies:
    commander "^2.8.1"
    convert-source-map "^1.1.0"
    fs-readdir-recursive "^1.1.0"
    glob "^7.0.0"
    lodash "^4.17.10"
    mkdirp "^0.5.1"
    output-file-sync "^2.0.0"
    slash "^2.0.0"
    source-map "^0.5.0"
  optionalDependencies:
    chokidar "^2.0.3"

"@babel/code-frame@^7.0.0":
  version "7.0.0"
  resolved "https://registry.npmjs.org/@babel/code-frame/-/code-frame-7.0.0.tgz#06e2ab19bdb535385559aabb5ba59729482800f8"
  dependencies:
    "@babel/highlight" "^7.0.0"

"@babel/core@^7.0.0":
  version "7.0.1"
  resolved "https://registry.npmjs.org/@babel/core/-/core-7.0.1.tgz#406658caed0e9686fa4feb5c2f3cefb6161c0f41"
  dependencies:
    "@babel/code-frame" "^7.0.0"
    "@babel/generator" "^7.0.0"
    "@babel/helpers" "^7.0.0"
    "@babel/parser" "^7.0.0"
    "@babel/template" "^7.0.0"
    "@babel/traverse" "^7.0.0"
    "@babel/types" "^7.0.0"
    convert-source-map "^1.1.0"
    debug "^3.1.0"
    json5 "^0.5.0"
    lodash "^4.17.10"
    resolve "^1.3.2"
    semver "^5.4.1"
    source-map "^0.5.0"

"@babel/generator@^7.0.0":
  version "7.0.0"
  resolved "https://registry.npmjs.org/@babel/generator/-/generator-7.0.0.tgz#1efd58bffa951dc846449e58ce3a1d7f02d393aa"
  dependencies:
    "@babel/types" "^7.0.0"
    jsesc "^2.5.1"
    lodash "^4.17.10"
    source-map "^0.5.0"
    trim-right "^1.0.1"

"@babel/helper-annotate-as-pure@^7.0.0":
  version "7.0.0"
  resolved "https://registry.npmjs.org/@babel/helper-annotate-as-pure/-/helper-annotate-as-pure-7.0.0.tgz#323d39dd0b50e10c7c06ca7d7638e6864d8c5c32"
  dependencies:
    "@babel/types" "^7.0.0"

"@babel/helper-builder-binary-assignment-operator-visitor@^7.0.0":
  version "7.0.0"
  resolved "https://registry.npmjs.org/@babel/helper-builder-binary-assignment-operator-visitor/-/helper-builder-binary-assignment-operator-visitor-7.0.0.tgz#ba26336beb2abb547d58b6eba5b84d77975a39eb"
  dependencies:
    "@babel/helper-explode-assignable-expression" "^7.0.0"
    "@babel/types" "^7.0.0"

"@babel/helper-call-delegate@^7.0.0":
  version "7.0.0"
  resolved "https://registry.npmjs.org/@babel/helper-call-delegate/-/helper-call-delegate-7.0.0.tgz#e036956bb33d76e59c07a04a1fff144e9f62ab78"
  dependencies:
    "@babel/helper-hoist-variables" "^7.0.0"
    "@babel/traverse" "^7.0.0"
    "@babel/types" "^7.0.0"

"@babel/helper-define-map@^7.0.0":
  version "7.0.0"
  resolved "https://registry.npmjs.org/@babel/helper-define-map/-/helper-define-map-7.0.0.tgz#a5684dd2adf30f0137cf9b0bde436f8c2db17225"
  dependencies:
    "@babel/helper-function-name" "^7.0.0"
    "@babel/types" "^7.0.0"
    lodash "^4.17.10"

"@babel/helper-explode-assignable-expression@^7.0.0":
  version "7.0.0"
  resolved "https://registry.npmjs.org/@babel/helper-explode-assignable-expression/-/helper-explode-assignable-expression-7.0.0.tgz#fdfa4c88603ae3e954d0fc3244d5ca82fb468497"
  dependencies:
    "@babel/traverse" "^7.0.0"
    "@babel/types" "^7.0.0"

"@babel/helper-function-name@^7.0.0":
  version "7.0.0"
  resolved "https://registry.npmjs.org/@babel/helper-function-name/-/helper-function-name-7.0.0.tgz#a68cc8d04420ccc663dd258f9cc41b8261efa2d4"
  dependencies:
    "@babel/helper-get-function-arity" "^7.0.0"
    "@babel/template" "^7.0.0"
    "@babel/types" "^7.0.0"

"@babel/helper-get-function-arity@^7.0.0":
  version "7.0.0"
  resolved "https://registry.npmjs.org/@babel/helper-get-function-


minimalistic-assert@^1.0.0, minimalistic-assert@^1.0.1:
  version "1.0.1"
  resolved "https://registry.npmjs.org/minimalistic-assert/-/minimalistic-assert-1.0.1.tgz#2e194de044626d4a10e7f7fbc00ce73e83e4d5c7"

minimalistic-crypto-utils@^1.0.0, minimalistic-crypto-utils@^1.0.1:
  version "1.0.1"
  resolved "https://registry.npmjs.org/minimalistic-crypto-utils/-/minimalistic-crypto-utils-1.0.1.tgz#f6c00c1c0b082246e5c4d99dfb8c7c083b2b582a"

minimatch@^3.0.4, minimatch@~3.0.2:
  version "3.0.4"
  resolved "https://registry.npmjs.org/minimatch/-/minimatch-3.0.4.tgz#5166e286457f03306064be5497e8dbb0c3d32083"
  dependencies:
    brace-expansion "^1.1.7"

minimist@0.0.8:
  version "0.0.8"
  resolved "http://registry.npmjs.org/minimist/-/minimist-0.0.8.tgz#857fcabfc3397d2625b8228262e86aa7a011b05d"

minimist@^1.1.3, minimist@^1.2.0, minimist@~1.2.0:
  version "1.2.0"
  resolved "http://registry.npmjs.org/minimist/-/minimist-1.2.0.tgz#a35008b20f41383eec1fb914f4cd5df79a264284"

minipass@^2.2.1, minipass@^2.3.3:
  version "2.3.4"
  resolved "https://registry.npmjs.org/minipass/-/minipass-2.3.4.tgz#4768d7605ed6194d6d576169b9e12ef71e9d9957"
  dependencies:
    safe-buffer "^5.1.2"
    yallist "^3.0.0"

minireset.css@^0.0.3:
  version "0.0.3"
  resolved "https://registry.npmjs.org/minireset.css/-/minireset.css-0.0.3.tgz#0b112dbbd7809ea0fc965388b79fd29390778fe5"

minizlib@^1.1.0:
  version "1.1.0"
  resolved "https://registry.npmjs.org/minizlib/-/minizlib-1.1.0.tgz#11e13658ce46bc3a70a267aac58359d1e0c29ceb"
  dependencies:
    minipass "^2.2.1"

mixin-deep@^1.2.0:
  version "1.3.1"
  resolved "https://registry.npmjs.org/mixin-deep/-/mixin-deep-1.3.1.tgz#a49e7268dce1a0d9698e45326c5626df3543d0fe"
  dependencies:
    for-in "^1.0.2"
    is-extendable "^1.0.1"

"mkdirp@>=0.5 0", mkdirp@^0.5.0, mkdirp@^0.5.1:
  version "0.5.1"
  resolved "http://registry.npmjs.org/mkdirp/-/mkdirp-0.5.1.tgz#30057438eac6cf7f8c4767f38648d6697d75c903"
  dependencies:
    minimist "0.0.8"

ms@2.0.0:
  version "2.0.0"
  resolved "https://registry.npmjs.org/ms/-/ms-2.0.0.tgz#5608aeadfc00be6c2901df5f9861788de0d597c8"

ms@^2.1.1:
  version "2.1.1"
  resolved "https://registry.npmjs.org/ms/-/ms-2.1.1.tgz#30a5864eb3ebb0a66f2ebe6d727af06a09d86e0a"

nan@2.10.0:
  version "2.10.0"
  resolved "https://registry.npmjs.org/nan/-/nan-2.10.0.tgz#96d0cd610ebd58d4b4de9cc0c6828cda99c7548f"

nan@^2.10.0, nan@^2.2.1, nan@^2.9.2:
  version "2.11.0"
  resolved "https://registry.npmjs.org/nan/-/nan-2.11.0.tgz#574e360e4d954ab16966ec102c0c049fd961a099"

nanomatch@^1.2.9:
  version "1.2.13"
  resolved "https://registry.npmjs.org/nanomatch/-/nanomatch-1.2.13.tgz#b87a8aa4fc0de8fe6be88895b38983ff265bd119"
  dependencies:
    arr-diff "^4.0.0"
    array-unique "^0.3.2"
    define-property "^2.0.2"
    extend-shallow "^3.0.2"
    fragment-cache "^0.2.1"
    is-windows "^1.0.2"
    kind-of "^6.0.2"
    object.pick "^1.3.0"
    regex-not "^1.0.0"
    snapdragon "^0.8.1"
    to-regex "^3.0.1"

needle@^2.2.1:
  version "2.2.3"
  resolved "https://registry.npmjs.org/needle/-/needle-2.2.3.tgz#c1b04da378cd634d8befe2de965dc2cfb0fd65ca"
  dependencies:
    debug "^2.1.2"
    iconv-lite "^0.4.4"
    sax "^1.2.4"

no-case@^2.2.0:
  version "2.3.2"
  resolved "https://registry.npmjs.org/no-case/-/no-case-2.3.2.tgz#60b813396be39b3f1288a4c1ed5d1e7d28b464ac"
  dependencies:
    lower-case "^1.1.1"

node-fetch@2.1.2:
  version "2.1.2"
  resolved "http://registry.npmjs.org/node-fetch/-/node-fetch-2.1.2.tgz#ab884e8e7e57e38a944753cec706f788d1768bb5"

node-fetch@^1.0.1, node-fetch@~1.7.1:
  version "1.7.3"
  resolved "https://registry.npmjs.org/node-fetch/-/node-fetch-1.7.3.tgz#980f6f72d85211a5347c6b2bc18c5b84c3eb47ef"
  dependencies:
    encoding "^0.1.11"
    is-stream "^1.0.1"

node-gyp@^3.8.0:
  version "3.8.0"
  resolved "https://registry.npmjs.org/node-gyp/-/node-gyp-3.8.0.tgz#540304261c330e80d0d5edce253a68cb3964218c"
  dependencies:
    fstream "^1.0.0"
    glob "^7.0.3"
    graceful-fs "^4.1.2"
    mkdirp "^0.5.0"
    nopt "2 || 3"
    npmlog "0 || 1 || 2 || 3 || 4"
    osenv "0"
    request "^2.87.0"
    rimraf "2"
    semver "~5.3.0"
    tar "^2.0.0"
    which "1"

node-pre-gyp@^0.10.0:
  version "0.10.3"
  resolved "https://registry.npmjs.org/node-pre-gyp/-/node-pre-gyp-0.10.3.tgz#3070040716afdc778747b61b6887bf78880b80fc"
  dependencies:
    detect-libc "^1.0.2"
    mkdirp "^0.5.1"
    needle "^2.2.1"
    nopt "^4.0.1"
    npm-packlist "^1.1.6"
    npmlog "^4.0.2"
    rc "^1.2.7"
    rimraf "^2.6.1"
    semver "^5.3.0"
    tar "^4"

node-releases@^1.0.0-alpha.11:
  version "1.0.0-alpha.11"
  resolved "https://registry.npmjs.org/node-releases/-/node-releases-1.0.0-alpha.11.tgz#73c810acc2e5b741a17ddfbb39dfca9ab9359d8a"
  dependencies:
    semver "^5.3.0"

node-rsa@^1.0.1:
  version "1.0.1"
  resolved "https://registry.npmjs.org/node-rsa/-/node-rsa-1.0.1.tgz#6f7c883c4f1163f0782e7abff3cbc9d499d6bb96"
  dependencies:
    asn1 "0.2.3"

node-sass@^4.9.3:
  version "4.9.3"
  resolved "https://registry.npmjs.org/node-sass/-/node-sass-4.9.3.tgz#f407cf3d66f78308bb1e346b24fa428703196224"
  dependencies:
    async-foreach "^0.1.3"
    chalk "^1.1.1"
    cross-spawn "^3.0.0"
    gaze "^1.0.0"
    get-stdin "^4.0.1"
    glob "^7.0.3"
    in-publish "^2.0.0"
    lodash.assign "^4.2.0"
    lodash.clonedeep "^4.3.2"
    lodash.mergewith "^4.6.0"
    meow "^3.7.0"
    mkdirp "^0.5.1"
    nan "^2.10.0"
    node-gyp "^3.8.0"
    npmlog "^4.0.0"
    request "2.87.0"
    sass-graph "^2.2.4"
    stdout-stream "^1.4.0"
    "true-case-path" "^1.0.2"

"nopt@2 || 3":
  version "3.0.6"
  resolved "https://registry.npmjs.org/nopt/-/nopt-3.0.6.tgz#c6465dbf08abcd4db359317f79ac68a646b28ff9"
  dependencies:
    abbrev "1"

nopt@^4.0.1:
  version "4.0.1"
  resolved "https://registry.npmjs.org/nopt/-/nopt-4.0.1.tgz#d0d4685afd5415193c8c7505602d0d17cd64474d"
  dependencies:
    abbrev "1"
    osenv "^0.1.4"

normalize-package-data@^2.3.2, normalize-package-data@^2.3.4:
  version "2.4.0"
  resolved "https://registry.npmjs.org/normalize-package-data/-/normalize-package-data-2.4.0.tgz#12f95a307d58352075a04907b84ac8be98ac012f"
  dependencies:
    hosted-git-info "^2.1.4"
    is-builtin-module "^1.0.0"
    semver "2 || 3 || 4 || 5"
    validate-npm-package-license "^3.0.1"

normalize-path@^2.1.1:
  version "2.1.1"
  resolved "https://registry.npmjs.org/normalize-path/-/normalize-path-2.1.1.tgz#1ab28b556e198363a8c1a6f7e6fa20137fe6aed9"
  dependencies:
    remove-trailing-separator "^1.0.1"

npm-bundled@^1.0.1:
  version "1.0.5"
  resolved "https://registry.npmjs.org/npm-bundled/-/npm-bundled-1.0.5.tgz#3c1732b7ba936b3a10325aef616467c0ccbcc979"

npm-packlist@^1.1.6:
  version "1.1.11"
  resolved "https://registry.npmjs.org/npm-packlist/-/npm-packlist-1.1.11.tgz#84e8c683cbe7867d34b1d357d893ce29e28a02de"
  dependencies:
    ignore-walk "^3.0.1"
    npm-bundled "^1.0.1"

"npmlog@0 || 1 || 2 || 3 || 4", npmlog@^4.0.0, npmlog@^4.0.2:
  version "4.1.2"
  resolved "https://registry.npmjs.org/npmlog/-/npmlog-4.1.2.tgz#08a7f2a8bf734604779a9efa4ad5cc717abb954b"
  dependencies:
    are-we-there-yet "~1.1.2"
    console-control-strings "~1.1.0"
    gauge "~2.7.3"
    set-blockin

